{
  "version": 4,
  "terraform_version": "0.12.9",
  "serial": 140,
  "lineage": "dd24718c-7db6-a054-ab1b-260cd1c507a1",
  "outputs": {
    "app_external_ip": {
      "value": [
        "35.241.158.218",
        "35.241.223.129"
      ],
      "type": [
        "tuple",
        [
          "string",
          "string"
        ]
      ]
    },
    "lb_ext_ip": {
      "value": {
        "address": "34.102.227.34",
        "address_type": "EXTERNAL",
        "creation_timestamp": "2019-10-12T13:17:34.011-07:00",
        "description": "",
        "id": "reddit-app-address",
        "ip_version": "",
        "name": "reddit-app-address",
        "network": "",
        "prefix_length": 0,
        "project": "infra-253316",
        "purpose": "",
        "self_link": "https://www.googleapis.com/compute/v1/projects/infra-253316/global/addresses/reddit-app-address",
        "timeouts": null
      },
      "type": [
        "object",
        {
          "address": "string",
          "address_type": "string",
          "creation_timestamp": "string",
          "description": "string",
          "id": "string",
          "ip_version": "string",
          "name": "string",
          "network": "string",
          "prefix_length": "number",
          "project": "string",
          "purpose": "string",
          "self_link": "string",
          "timeouts": [
            "object",
            {
              "create": "string",
              "delete": "string"
            }
          ]
        }
      ]
    }
  },
  "resources": [
    {
      "mode": "managed",
      "type": "google_compute_backend_service",
      "name": "be",
      "provider": "provider.google",
      "instances": [
        {
          "schema_version": 1,
          "attributes": {
            "affinity_cookie_ttl_sec": 0,
            "backend": [
              {
                "balancing_mode": "UTILIZATION",
                "capacity_scaler": 1,
                "description": "",
                "group": "https://www.googleapis.com/compute/v1/projects/infra-253316/zones/europe-west1-b/instanceGroups/reddit-app-instance-group",
                "max_connections": null,
                "max_connections_per_endpoint": null,
                "max_connections_per_instance": null,
                "max_rate": null,
                "max_rate_per_endpoint": null,
                "max_rate_per_instance": null,
                "max_utilization": 0.8
              }
            ],
            "cdn_policy": [],
            "connection_draining_timeout_sec": 300,
            "creation_timestamp": "2019-10-12T13:18:50.470-07:00",
            "description": "",
            "enable_cdn": false,
            "fingerprint": "aLgkdvdgL6o=",
            "health_checks": [
              "https://www.googleapis.com/compute/v1/projects/infra-253316/global/healthChecks/reddit-app-hc"
            ],
            "iap": [],
            "id": "reddit-app-backend",
            "load_balancing_scheme": "EXTERNAL",
            "name": "reddit-app-backend",
            "port_name": "http",
            "project": "infra-253316",
            "protocol": "HTTP",
            "security_policy": "",
            "self_link": "https://www.googleapis.com/compute/v1/projects/infra-253316/global/backendServices/reddit-app-backend",
            "session_affinity": "NONE",
            "timeout_sec": 10,
            "timeouts": null
          },
          "private": "eyJlMmJmYjczMC1lY2FhLTExZTYtOGY4OC0zNDM2M2JjN2M0YzAiOnsiY3JlYXRlIjoyNDAwMDAwMDAwMDAsImRlbGV0ZSI6MjQwMDAwMDAwMDAwLCJ1cGRhdGUiOjI0MDAwMDAwMDAwMH0sInNjaGVtYV92ZXJzaW9uIjoiMSJ9",
          "depends_on": [
            "google_compute_health_check.hc",
            "google_compute_instance_group.appgr"
          ]
        }
      ]
    },
    {
      "mode": "managed",
      "type": "google_compute_global_address",
      "name": "default",
      "provider": "provider.google",
      "instances": [
        {
          "schema_version": 0,
          "attributes": {
            "address": "34.102.227.34",
            "address_type": "EXTERNAL",
            "creation_timestamp": "2019-10-12T13:17:34.011-07:00",
            "description": "",
            "id": "reddit-app-address",
            "ip_version": "",
            "name": "reddit-app-address",
            "network": "",
            "prefix_length": 0,
            "project": "infra-253316",
            "purpose": "",
            "self_link": "https://www.googleapis.com/compute/v1/projects/infra-253316/global/addresses/reddit-app-address",
            "timeouts": null
          },
          "private": "eyJlMmJmYjczMC1lY2FhLTExZTYtOGY4OC0zNDM2M2JjN2M0YzAiOnsiY3JlYXRlIjoyNDAwMDAwMDAwMDAsImRlbGV0ZSI6MjQwMDAwMDAwMDAwfX0="
        }
      ]
    },
    {
      "mode": "managed",
      "type": "google_compute_global_forwarding_rule",
      "name": "http",
      "provider": "provider.google-beta",
      "instances": [
        {
          "schema_version": 0,
          "attributes": {
            "description": "",
            "id": "reddit-app-http-rule",
            "ip_address": "34.102.227.34",
            "ip_protocol": "TCP",
            "ip_version": "",
            "label_fingerprint": "42WmSpB8rSM=",
            "labels": null,
            "name": "reddit-app-http-rule",
            "port_range": "80-80",
            "project": "infra-253316",
            "self_link": "https://www.googleapis.com/compute/v1/projects/infra-253316/global/forwardingRules/reddit-app-http-rule",
            "target": "https://www.googleapis.com/compute/beta/projects/infra-253316/global/targetHttpProxies/reddit-app-http-proxy",
            "timeouts": null
          },
          "private": "eyJlMmJmYjczMC1lY2FhLTExZTYtOGY4OC0zNDM2M2JjN2M0YzAiOnsiY3JlYXRlIjoyNDAwMDAwMDAwMDAsImRlbGV0ZSI6MjQwMDAwMDAwMDAwLCJ1cGRhdGUiOjI0MDAwMDAwMDAwMH19",
          "depends_on": [
            "google_compute_global_address.default",
            "google_compute_target_http_proxy.http"
          ]
        }
      ]
    },
    {
      "mode": "managed",
      "type": "google_compute_health_check",
      "name": "hc",
      "provider": "provider.google",
      "instances": [
        {
          "schema_version": 0,
          "attributes": {
            "check_interval_sec": 5,
            "creation_timestamp": "2019-10-12T13:17:33.819-07:00",
            "description": "",
            "healthy_threshold": 2,
            "http2_health_check": [],
            "http_health_check": [
              {
                "host": "",
                "port": 9292,
                "port_name": "",
                "port_specification": "",
                "proxy_header": "NONE",
                "request_path": "/",
                "response": ""
              }
            ],
            "https_health_check": [],
            "id": "reddit-app-hc",
            "name": "reddit-app-hc",
            "project": "infra-253316",
            "self_link": "https://www.googleapis.com/compute/v1/projects/infra-253316/global/healthChecks/reddit-app-hc",
            "ssl_health_check": [],
            "tcp_health_check": [],
            "timeout_sec": 5,
            "timeouts": null,
            "type": "HTTP",
            "unhealthy_threshold": 2
          },
          "private": "eyJlMmJmYjczMC1lY2FhLTExZTYtOGY4OC0zNDM2M2JjN2M0YzAiOnsiY3JlYXRlIjoyNDAwMDAwMDAwMDAsImRlbGV0ZSI6MjQwMDAwMDAwMDAwLCJ1cGRhdGUiOjI0MDAwMDAwMDAwMH19"
        }
      ]
    },
    {
      "mode": "managed",
      "type": "google_compute_instance",
      "name": "app",
      "each": "list",
      "provider": "provider.google",
      "instances": [
        {
          "index_key": 0,
          "schema_version": 6,
          "attributes": {
            "allow_stopping_for_update": null,
            "attached_disk": [],
            "boot_disk": [
              {
                "auto_delete": true,
                "device_name": "persistent-disk-0",
                "disk_encryption_key_raw": "",
                "disk_encryption_key_sha256": "",
                "initialize_params": [
                  {
                    "image": "https://www.googleapis.com/compute/v1/projects/infra-253316/global/images/reddit-base-1569502524",
                    "labels": {},
                    "size": 10,
                    "type": "pd-standard"
                  }
                ],
                "kms_key_self_link": "",
                "mode": "READ_WRITE",
                "source": "https://www.googleapis.com/compute/v1/projects/infra-253316/zones/europe-west1-b/disks/reddit-app-0"
              }
            ],
            "can_ip_forward": false,
            "cpu_platform": "Intel Haswell",
            "deletion_protection": false,
            "description": "",
            "disk": [],
            "guest_accelerator": [],
            "hostname": "",
            "id": "reddit-app-0",
            "instance_id": "3818582011196443185",
            "label_fingerprint": "42WmSpB8rSM=",
            "labels": null,
            "machine_type": "g1-small",
            "metadata": {
              "ssh-keys": "ak:ssh-rsa AAAAB3NzaC1yc2EAAAADAQABAAABAQDMbK7DKu5f+iHj8eyyK0mdFyThqA3neq0IToGlM0KQUluah9Gu9Mb3NMnHeLO9qb6ch5Rly+PERGdc/q+eCx9e8/434QLlvV6QTYsoOp+L30sRMQ/4GGJS3tFWPiJh5OBP30LUbmUdhz9zJgPiaTU9gwe77U/ljf8GbN/O5p47lKSUULnfIbqABR5lIRtoxB46xxcwLM/v0VkL+fB+LX738yYxGoiGaOAOb+kkavKgNbdDV/AL6IQ7l4JGVgmXgdjasmLNB7buuyyg/xFDc0JCfQC5XBh+PRyk1rJcVgoMXgDkK6M/kJpdL/YKSpy0MSPE4ADQ2oRDs9ErwYZKxkOf ak\n"
            },
            "metadata_fingerprint": "bWRAnadqp9k=",
            "metadata_startup_script": "",
            "min_cpu_platform": "",
            "name": "reddit-app-0",
            "network_interface": [
              {
                "access_config": [
                  {
                    "assigned_nat_ip": "",
                    "nat_ip": "35.241.158.218",
                    "network_tier": "PREMIUM",
                    "public_ptr_domain_name": ""
                  }
                ],
                "address": "",
                "alias_ip_range": [],
                "name": "nic0",
                "network": "https://www.googleapis.com/compute/v1/projects/infra-253316/global/networks/default",
                "network_ip": "10.132.0.19",
                "subnetwork": "https://www.googleapis.com/compute/v1/projects/infra-253316/regions/europe-west1/subnetworks/default",
                "subnetwork_project": "infra-253316"
              }
            ],
            "project": "infra-253316",
            "scheduling": [
              {
                "automatic_restart": true,
                "node_affinities": [],
                "on_host_maintenance": "MIGRATE",
                "preemptible": false
              }
            ],
            "scratch_disk": [],
            "self_link": "https://www.googleapis.com/compute/v1/projects/infra-253316/zones/europe-west1-b/instances/reddit-app-0",
            "service_account": [],
            "shielded_instance_config": [],
            "tags": [
              "puma-server"
            ],
            "tags_fingerprint": "vz_LiA1ijGM=",
            "timeouts": null,
            "zone": "europe-west1-b"
          },
          "private": "eyJlMmJmYjczMC1lY2FhLTExZTYtOGY4OC0zNDM2M2JjN2M0YzAiOnsiY3JlYXRlIjoxMjAwMDAwMDAwMDAwLCJkZWxldGUiOjEyMDAwMDAwMDAwMDAsInVwZGF0ZSI6MTIwMDAwMDAwMDAwMH0sInNjaGVtYV92ZXJzaW9uIjoiNiJ9"
        },
        {
          "index_key": 1,
          "schema_version": 6,
          "attributes": {
            "allow_stopping_for_update": null,
            "attached_disk": [],
            "boot_disk": [
              {
                "auto_delete": true,
                "device_name": "persistent-disk-0",
                "disk_encryption_key_raw": "",
                "disk_encryption_key_sha256": "",
                "initialize_params": [
                  {
                    "image": "https://www.googleapis.com/compute/v1/projects/infra-253316/global/images/reddit-base-1569502524",
                    "labels": {},
                    "size": 10,
                    "type": "pd-standard"
                  }
                ],
                "kms_key_self_link": "",
                "mode": "READ_WRITE",
                "source": "https://www.googleapis.com/compute/v1/projects/infra-253316/zones/europe-west1-b/disks/reddit-app-1"
              }
            ],
            "can_ip_forward": false,
            "cpu_platform": "Intel Haswell",
            "deletion_protection": false,
            "description": "",
            "disk": [],
            "guest_accelerator": [],
            "hostname": "",
            "id": "reddit-app-1",
            "instance_id": "937833160984463921",
            "label_fingerprint": "42WmSpB8rSM=",
            "labels": null,
            "machine_type": "g1-small",
            "metadata": {
              "ssh-keys": "ak:ssh-rsa AAAAB3NzaC1yc2EAAAADAQABAAABAQDMbK7DKu5f+iHj8eyyK0mdFyThqA3neq0IToGlM0KQUluah9Gu9Mb3NMnHeLO9qb6ch5Rly+PERGdc/q+eCx9e8/434QLlvV6QTYsoOp+L30sRMQ/4GGJS3tFWPiJh5OBP30LUbmUdhz9zJgPiaTU9gwe77U/ljf8GbN/O5p47lKSUULnfIbqABR5lIRtoxB46xxcwLM/v0VkL+fB+LX738yYxGoiGaOAOb+kkavKgNbdDV/AL6IQ7l4JGVgmXgdjasmLNB7buuyyg/xFDc0JCfQC5XBh+PRyk1rJcVgoMXgDkK6M/kJpdL/YKSpy0MSPE4ADQ2oRDs9ErwYZKxkOf ak\n"
            },
            "metadata_fingerprint": "bWRAnadqp9k=",
            "metadata_startup_script": "",
            "min_cpu_platform": "",
            "name": "reddit-app-1",
            "network_interface": [
              {
                "access_config": [
                  {
                    "assigned_nat_ip": "",
                    "nat_ip": "35.241.223.129",
                    "network_tier": "PREMIUM",
                    "public_ptr_domain_name": ""
                  }
                ],
                "address": "",
                "alias_ip_range": [],
                "name": "nic0",
                "network": "https://www.googleapis.com/compute/v1/projects/infra-253316/global/networks/default",
                "network_ip": "10.132.0.20",
                "subnetwork": "https://www.googleapis.com/compute/v1/projects/infra-253316/regions/europe-west1/subnetworks/default",
                "subnetwork_project": "infra-253316"
              }
            ],
            "project": "infra-253316",
            "scheduling": [
              {
                "automatic_restart": true,
                "node_affinities": [],
                "on_host_maintenance": "MIGRATE",
                "preemptible": false
              }
            ],
            "scratch_disk": [],
            "self_link": "https://www.googleapis.com/compute/v1/projects/infra-253316/zones/europe-west1-b/instances/reddit-app-1",
            "service_account": [],
            "shielded_instance_config": [],
            "tags": [
              "puma-server"
            ],
            "tags_fingerprint": "vz_LiA1ijGM=",
            "timeouts": null,
            "zone": "europe-west1-b"
          },
          "private": "eyJlMmJmYjczMC1lY2FhLTExZTYtOGY4OC0zNDM2M2JjN2M0YzAiOnsiY3JlYXRlIjoxMjAwMDAwMDAwMDAwLCJkZWxldGUiOjEyMDAwMDAwMDAwMDAsInVwZGF0ZSI6MTIwMDAwMDAwMDAwMH0sInNjaGVtYV92ZXJzaW9uIjoiNiJ9"
        }
      ]
    },
    {
      "mode": "managed",
      "type": "google_compute_instance_group",
      "name": "appgr",
      "provider": "provider.google",
      "instances": [
        {
          "schema_version": 2,
          "attributes": {
            "description": "",
            "id": "europe-west1-b/reddit-app-instance-group",
            "instances": [
              "https://www.googleapis.com/compute/v1/projects/infra-253316/zones/europe-west1-b/instances/reddit-app-0",
              "https://www.googleapis.com/compute/v1/projects/infra-253316/zones/europe-west1-b/instances/reddit-app-1"
            ],
            "name": "reddit-app-instance-group",
            "named_port": [
              {
                "name": "http",
                "port": 9292
              }
            ],
            "network": "https://www.googleapis.com/compute/v1/projects/infra-253316/global/networks/default",
            "project": "infra-253316",
            "self_link": "https://www.googleapis.com/compute/v1/projects/infra-253316/zones/europe-west1-b/instanceGroups/reddit-app-instance-group",
            "size": 2,
            "zone": "europe-west1-b"
          },
          "private": "eyJzY2hlbWFfdmVyc2lvbiI6IjIifQ==",
          "depends_on": [
            "google_compute_instance.app"
          ]
        }
      ]
    },
    {
      "mode": "managed",
      "type": "google_compute_project_metadata_item",
      "name": "project_ssh",
      "each": "list",
      "provider": "provider.google",
      "instances": [
        {
          "index_key": 0,
          "schema_version": 0,
          "attributes": {
            "id": "ssh-keys",
            "key": "ssh-keys",
            "project": null,
            "timeouts": null,
            "value": "ak1:ssh-rsa AAAAB3NzaC1yc2EAAAADAQABAAABAQDMbK7DKu5f+iHj8eyyK0mdFyThqA3neq0IToGlM0KQUluah9Gu9Mb3NMnHeLO9qb6ch5Rly+PERGdc/q+eCx9e8/434QLlvV6QTYsoOp+L30sRMQ/4GGJS3tFWPiJh5OBP30LUbmUdhz9zJgPiaTU9gwe77U/ljf8GbN/O5p47lKSUULnfIbqABR5lIRtoxB46xxcwLM/v0VkL+fB+LX738yYxGoiGaOAOb+kkavKgNbdDV/AL6IQ7l4JGVgmXgdjasmLNB7buuyyg/xFDc0JCfQC5XBh+PRyk1rJcVgoMXgDkK6M/kJpdL/YKSpy0MSPE4ADQ2oRDs9ErwYZKxkOf ak\n ak2:ssh-rsa AAAAB3NzaC1yc2EAAAADAQABAAABAQDMbK7DKu5f+iHj8eyyK0mdFyThqA3neq0IToGlM0KQUluah9Gu9Mb3NMnHeLO9qb6ch5Rly+PERGdc/q+eCx9e8/434QLlvV6QTYsoOp+L30sRMQ/4GGJS3tFWPiJh5OBP30LUbmUdhz9zJgPiaTU9gwe77U/ljf8GbN/O5p47lKSUULnfIbqABR5lIRtoxB46xxcwLM/v0VkL+fB+LX738yYxGoiGaOAOb+kkavKgNbdDV/AL6IQ7l4JGVgmXgdjasmLNB7buuyyg/xFDc0JCfQC5XBh+PRyk1rJcVgoMXgDkK6M/kJpdL/YKSpy0MSPE4ADQ2oRDs9ErwYZKxkOf ak\n ak3:ssh-rsa AAAAB3NzaC1yc2EAAAADAQABAAABAQDMbK7DKu5f+iHj8eyyK0mdFyThqA3neq0IToGlM0KQUluah9Gu9Mb3NMnHeLO9qb6ch5Rly+PERGdc/q+eCx9e8/434QLlvV6QTYsoOp+L30sRMQ/4GGJS3tFWPiJh5OBP30LUbmUdhz9zJgPiaTU9gwe77U/ljf8GbN/O5p47lKSUULnfIbqABR5lIRtoxB46xxcwLM/v0VkL+fB+LX738yYxGoiGaOAOb+kkavKgNbdDV/AL6IQ7l4JGVgmXgdjasmLNB7buuyyg/xFDc0JCfQC5XBh+PRyk1rJcVgoMXgDkK6M/kJpdL/YKSpy0MSPE4ADQ2oRDs9ErwYZKxkOf ak\n"
          },
          "private": "eyJlMmJmYjczMC1lY2FhLTExZTYtOGY4OC0zNDM2M2JjN2M0YzAiOnsiY3JlYXRlIjozMDAwMDAwMDAwMDAsImRlbGV0ZSI6MzAwMDAwMDAwMDAwLCJ1cGRhdGUiOjMwMDAwMDAwMDAwMH19"
        },
        {
          "index_key": 1,
          "schema_version": 0,
          "attributes": {
            "id": "ssh-keys",
            "key": "ssh-keys",
            "project": null,
            "timeouts": null,
            "value": "ak1:ssh-rsa AAAAB3NzaC1yc2EAAAADAQABAAABAQDMbK7DKu5f+iHj8eyyK0mdFyThqA3neq0IToGlM0KQUluah9Gu9Mb3NMnHeLO9qb6ch5Rly+PERGdc/q+eCx9e8/434QLlvV6QTYsoOp+L30sRMQ/4GGJS3tFWPiJh5OBP30LUbmUdhz9zJgPiaTU9gwe77U/ljf8GbN/O5p47lKSUULnfIbqABR5lIRtoxB46xxcwLM/v0VkL+fB+LX738yYxGoiGaOAOb+kkavKgNbdDV/AL6IQ7l4JGVgmXgdjasmLNB7buuyyg/xFDc0JCfQC5XBh+PRyk1rJcVgoMXgDkK6M/kJpdL/YKSpy0MSPE4ADQ2oRDs9ErwYZKxkOf ak\n ak2:ssh-rsa AAAAB3NzaC1yc2EAAAADAQABAAABAQDMbK7DKu5f+iHj8eyyK0mdFyThqA3neq0IToGlM0KQUluah9Gu9Mb3NMnHeLO9qb6ch5Rly+PERGdc/q+eCx9e8/434QLlvV6QTYsoOp+L30sRMQ/4GGJS3tFWPiJh5OBP30LUbmUdhz9zJgPiaTU9gwe77U/ljf8GbN/O5p47lKSUULnfIbqABR5lIRtoxB46xxcwLM/v0VkL+fB+LX738yYxGoiGaOAOb+kkavKgNbdDV/AL6IQ7l4JGVgmXgdjasmLNB7buuyyg/xFDc0JCfQC5XBh+PRyk1rJcVgoMXgDkK6M/kJpdL/YKSpy0MSPE4ADQ2oRDs9ErwYZKxkOf ak\n ak3:ssh-rsa AAAAB3NzaC1yc2EAAAADAQABAAABAQDMbK7DKu5f+iHj8eyyK0mdFyThqA3neq0IToGlM0KQUluah9Gu9Mb3NMnHeLO9qb6ch5Rly+PERGdc/q+eCx9e8/434QLlvV6QTYsoOp+L30sRMQ/4GGJS3tFWPiJh5OBP30LUbmUdhz9zJgPiaTU9gwe77U/ljf8GbN/O5p47lKSUULnfIbqABR5lIRtoxB46xxcwLM/v0VkL+fB+LX738yYxGoiGaOAOb+kkavKgNbdDV/AL6IQ7l4JGVgmXgdjasmLNB7buuyyg/xFDc0JCfQC5XBh+PRyk1rJcVgoMXgDkK6M/kJpdL/YKSpy0MSPE4ADQ2oRDs9ErwYZKxkOf ak\n"
          },
          "private": "eyJlMmJmYjczMC1lY2FhLTExZTYtOGY4OC0zNDM2M2JjN2M0YzAiOnsiY3JlYXRlIjozMDAwMDAwMDAwMDAsImRlbGV0ZSI6MzAwMDAwMDAwMDAwLCJ1cGRhdGUiOjMwMDAwMDAwMDAwMH19"
        },
        {
          "index_key": 2,
          "schema_version": 0,
          "attributes": {
            "id": "ssh-keys",
            "key": "ssh-keys",
            "project": null,
            "timeouts": null,
            "value": "ak1:ssh-rsa AAAAB3NzaC1yc2EAAAADAQABAAABAQDMbK7DKu5f+iHj8eyyK0mdFyThqA3neq0IToGlM0KQUluah9Gu9Mb3NMnHeLO9qb6ch5Rly+PERGdc/q+eCx9e8/434QLlvV6QTYsoOp+L30sRMQ/4GGJS3tFWPiJh5OBP30LUbmUdhz9zJgPiaTU9gwe77U/ljf8GbN/O5p47lKSUULnfIbqABR5lIRtoxB46xxcwLM/v0VkL+fB+LX738yYxGoiGaOAOb+kkavKgNbdDV/AL6IQ7l4JGVgmXgdjasmLNB7buuyyg/xFDc0JCfQC5XBh+PRyk1rJcVgoMXgDkK6M/kJpdL/YKSpy0MSPE4ADQ2oRDs9ErwYZKxkOf ak\n ak2:ssh-rsa AAAAB3NzaC1yc2EAAAADAQABAAABAQDMbK7DKu5f+iHj8eyyK0mdFyThqA3neq0IToGlM0KQUluah9Gu9Mb3NMnHeLO9qb6ch5Rly+PERGdc/q+eCx9e8/434QLlvV6QTYsoOp+L30sRMQ/4GGJS3tFWPiJh5OBP30LUbmUdhz9zJgPiaTU9gwe77U/ljf8GbN/O5p47lKSUULnfIbqABR5lIRtoxB46xxcwLM/v0VkL+fB+LX738yYxGoiGaOAOb+kkavKgNbdDV/AL6IQ7l4JGVgmXgdjasmLNB7buuyyg/xFDc0JCfQC5XBh+PRyk1rJcVgoMXgDkK6M/kJpdL/YKSpy0MSPE4ADQ2oRDs9ErwYZKxkOf ak\n ak3:ssh-rsa AAAAB3NzaC1yc2EAAAADAQABAAABAQDMbK7DKu5f+iHj8eyyK0mdFyThqA3neq0IToGlM0KQUluah9Gu9Mb3NMnHeLO9qb6ch5Rly+PERGdc/q+eCx9e8/434QLlvV6QTYsoOp+L30sRMQ/4GGJS3tFWPiJh5OBP30LUbmUdhz9zJgPiaTU9gwe77U/ljf8GbN/O5p47lKSUULnfIbqABR5lIRtoxB46xxcwLM/v0VkL+fB+LX738yYxGoiGaOAOb+kkavKgNbdDV/AL6IQ7l4JGVgmXgdjasmLNB7buuyyg/xFDc0JCfQC5XBh+PRyk1rJcVgoMXgDkK6M/kJpdL/YKSpy0MSPE4ADQ2oRDs9ErwYZKxkOf ak\n"
          },
          "private": "eyJlMmJmYjczMC1lY2FhLTExZTYtOGY4OC0zNDM2M2JjN2M0YzAiOnsiY3JlYXRlIjozMDAwMDAwMDAwMDAsImRlbGV0ZSI6MzAwMDAwMDAwMDAwLCJ1cGRhdGUiOjMwMDAwMDAwMDAwMH19"
        }
      ]
    },
    {
      "mode": "managed",
      "type": "google_compute_target_http_proxy",
      "name": "http",
      "provider": "provider.google",
      "instances": [
        {
          "schema_version": 0,
          "attributes": {
            "creation_timestamp": "2019-10-12T13:19:02.356-07:00",
            "description": "",
            "id": "reddit-app-http-proxy",
            "name": "reddit-app-http-proxy",
            "project": "infra-253316",
            "proxy_id": 2658869080962862041,
            "self_link": "https://www.googleapis.com/compute/v1/projects/infra-253316/global/targetHttpProxies/reddit-app-http-proxy",
            "timeouts": null,
            "url_map": "https://www.googleapis.com/compute/v1/projects/infra-253316/global/urlMaps/reddit-app-url-map"
          },
          "private": "eyJlMmJmYjczMC1lY2FhLTExZTYtOGY4OC0zNDM2M2JjN2M0YzAiOnsiY3JlYXRlIjoyNDAwMDAwMDAwMDAsImRlbGV0ZSI6MjQwMDAwMDAwMDAwLCJ1cGRhdGUiOjI0MDAwMDAwMDAwMH19",
          "depends_on": [
            "google_compute_url_map.urlmap"
          ]
        }
      ]
    },
    {
      "mode": "managed",
      "type": "google_compute_url_map",
      "name": "urlmap",
      "provider": "provider.google",
      "instances": [
        {
          "schema_version": 0,
          "attributes": {
            "creation_timestamp": "2019-10-12T13:18:58.507-07:00",
            "default_service": "https://www.googleapis.com/compute/v1/projects/infra-253316/global/backendServices/reddit-app-backend",
            "description": "URL map for reddit-app",
            "fingerprint": "mP-MVD2lmYE=",
            "host_rule": [],
            "id": "reddit-app-url-map",
            "map_id": 5164200006677138397,
            "name": "reddit-app-url-map",
            "path_matcher": [],
            "project": "infra-253316",
            "self_link": "https://www.googleapis.com/compute/v1/projects/infra-253316/global/urlMaps/reddit-app-url-map",
            "test": [],
            "timeouts": null
          },
          "private": "eyJlMmJmYjczMC1lY2FhLTExZTYtOGY4OC0zNDM2M2JjN2M0YzAiOnsiY3JlYXRlIjoyNDAwMDAwMDAwMDAsImRlbGV0ZSI6MjQwMDAwMDAwMDAwLCJ1cGRhdGUiOjI0MDAwMDAwMDAwMH19",
          "depends_on": [
            "google_compute_backend_service.be"
          ]
        }
      ]
    }
  ]
}
